// !$*UTF8*$!
{
	archiveVersion = 1;
	classes = {
	};
	objectVersion = 46;
	objects = {

/* Begin PBXBuildFile section */
		F7B67EF819CC035300AE1ED5 /* main.m in Sources */ = {isa = PBXBuildFile; fileRef = F7B67EF719CC035300AE1ED5 /* main.m */; };
		F7B67EFB19CC035300AE1ED5 /* AppDelegate.m in Sources */ = {isa = PBXBuildFile; fileRef = F7B67EFA19CC035300AE1ED5 /* AppDelegate.m */; };
		F7B67EFE19CC035300AE1ED5 /* DBCoreData.xcdatamodeld in Sources */ = {isa = PBXBuildFile; fileRef = F7B67EFC19CC035300AE1ED5 /* DBCoreData.xcdatamodeld */; };
		F7B67F0119CC035300AE1ED5 /* ViewController.m in Sources */ = {isa = PBXBuildFile; fileRef = F7B67F0019CC035300AE1ED5 /* ViewController.m */; };
		F7B67F0419CC035300AE1ED5 /* Main.storyboard in Resources */ = {isa = PBXBuildFile; fileRef = F7B67F0219CC035300AE1ED5 /* Main.storyboard */; };
		F7B67F0619CC035300AE1ED5 /* Images.xcassets in Resources */ = {isa = PBXBuildFile; fileRef = F7B67F0519CC035300AE1ED5 /* Images.xcassets */; };
		F7B67F0919CC035300AE1ED5 /* LaunchScreen.xib in Resources */ = {isa = PBXBuildFile; fileRef = F7B67F0719CC035300AE1ED5 /* LaunchScreen.xib */; };
		F7B67F1519CC035300AE1ED5 /* DBCoreDataTests.m in Sources */ = {isa = PBXBuildFile; fileRef = F7B67F1419CC035300AE1ED5 /* DBCoreDataTests.m */; };
		F7B67F2119CC055500AE1ED5 /* User.m in Sources */ = {isa = PBXBuildFile; fileRef = F7B67F2019CC055500AE1ED5 /* User.m */; };
/* End PBXBuildFile section */

/* Begin PBXContainerItemProxy section */
		F7B67F0F19CC035300AE1ED5 /* PBXContainerItemProxy */ = {
			isa = PBXContainerItemProxy;
			containerPortal = F7B67EEA19CC035300AE1ED5 /* Project object */;
			proxyType = 1;
			remoteGlobalIDString = F7B67EF119CC035300AE1ED5;
			remoteInfo = DBCoreData;
		};
/* End PBXContainerItemProxy section */

/* Begin PBXFileReference section */
		F7B67EF219CC035300AE1ED5 /* DBCoreData.app */ = {isa = PBXFileReference; explicitFileType = wrapper.application; includeInIndex = 0; path = DBCoreData.app; sourceTree = BUILT_PRODUCTS_DIR; };
		F7B67EF619CC035300AE1ED5 /* Info.plist */ = {isa = PBXFileReference; lastKnownFileType = text.plist.xml; path = Info.plist; sourceTree = "<group>"; };
		F7B67EF719CC035300AE1ED5 /* main.m */ = {isa = PBXFileReference; lastKnownFileType = sourcecode.c.objc; path = main.m; sourceTree = "<group>"; };
		F7B67EF919CC035300AE1ED5 /* AppDelegate.h */ = {isa = PBXFileReference; lastKnownFileType = sourcecode.c.h; path = AppDelegate.h; sourceTree = "<group>"; };
		F7B67EFA19CC035300AE1ED5 /* AppDelegate.m */ = {isa = PBXFileReference; lastKnownFileType = sourcecode.c.objc; path = AppDelegate.m; sourceTree = "<group>"; };
		F7B67EFD19CC035300AE1ED5 /* DBCoreData.xcdatamodel */ = {isa = PBXFileReference; lastKnownFileType = wrapper.xcdatamodel; path = DBCoreData.xcdatamodel; sourceTree = "<group>"; };
		F7B67EFF19CC035300AE1ED5 /* ViewController.h */ = {isa = PBXFileReference; lastKnownFileType = sourcecode.c.h; path = ViewController.h; sourceTree = "<group>"; };
		F7B67F0019CC035300AE1ED5 /* ViewController.m */ = {isa = PBXFileReference; lastKnownFileType = sourcecode.c.objc; path = ViewController.m; sourceTree = "<group>"; };
		F7B67F0319CC035300AE1ED5 /* Base */ = {isa = PBXFileReference; lastKnownFileType = file.storyboard; name = Base; path = Base.lproj/Main.storyboard; sourceTree = "<group>"; };
		F7B67F0519CC035300AE1ED5 /* Images.xcassets */ = {isa = PBXFileReference; lastKnownFileType = folder.assetcatalog; path = Images.xcassets; sourceTree = "<group>"; };
		F7B67F0819CC035300AE1ED5 /* Base */ = {isa = PBXFileReference; lastKnownFileType = file.xib; name = Base; path = Base.lproj/LaunchScreen.xib; sourceTree = "<group>"; };
		F7B67F0E19CC035300AE1ED5 /* DBCoreDataTests.xctest */ = {isa = PBXFileReference; explicitFileType = wrapper.cfbundle; includeInIndex = 0; path = DBCoreDataTests.xctest; sourceTree = BUILT_PRODUCTS_DIR; };
		F7B67F1319CC035300AE1ED5 /* Info.plist */ = {isa = PBXFileReference; lastKnownFileType = text.plist.xml; path = Info.plist; sourceTree = "<group>"; };
		F7B67F1419CC035300AE1ED5 /* DBCoreDataTests.m */ = {isa = PBXFileReference; lastKnownFileType = sourcecode.c.objc; path = DBCoreDataTests.m; sourceTree = "<group>"; };
		F7B67F1E19CC051A00AE1ED5 /* DBCoreData 2.xcdatamodel */ = {isa = PBXFileReference; lastKnownFileType = wrapper.xcdatamodel; path = "DBCoreData 2.xcdatamodel"; sourceTree = "<group>"; };
		F7B67F1F19CC055500AE1ED5 /* User.h */ = {isa = PBXFileReference; fileEncoding = 4; lastKnownFileType = sourcecode.c.h; path = User.h; sourceTree = "<group>"; };
		F7B67F2019CC055500AE1ED5 /* User.m */ = {isa = PBXFileReference; fileEncoding = 4; lastKnownFileType = sourcecode.c.objc; path = User.m; sourceTree = "<group>"; };
/* End PBXFileReference section */

/* Begin PBXFrameworksBuildPhase section */
		F7B67EEF19CC035300AE1ED5 /* Frameworks */ = {
			isa = PBXFrameworksBuildPhase;
			buildActionMask = 2147483647;
			files = (
			);
			runOnlyForDeploymentPostprocessing = 0;
		};
		F7B67F0B19CC035300AE1ED5 /* Frameworks */ = {
			isa = PBXFrameworksBuildPhase;
			buildActionMask = 2147483647;
			files = (
			);
			runOnlyForDeploymentPostprocessing = 0;
		};
/* End PBXFrameworksBuildPhase section */

/* Begin PBXGroup section */
		F7B67EE919CC035300AE1ED5 = {
			isa = PBXGroup;
			children = (
				F7B67EF419CC035300AE1ED5 /* DBCoreData */,
				F7B67F1119CC035300AE1ED5 /* DBCoreDataTests */,
				F7B67EF319CC035300AE1ED5 /* Products */,
			);
			sourceTree = "<group>";
		};
		F7B67EF319CC035300AE1ED5 /* Products */ = {
			isa = PBXGroup;
			children = (
				F7B67EF219CC035300AE1ED5 /* DBCoreData.app */,
				F7B67F0E19CC035300AE1ED5 /* DBCoreDataTests.xctest */,
			);
			name = Products;
			sourceTree = "<group>";
		};
		F7B67EF419CC035300AE1ED5 /* DBCoreData */ = {
			isa = PBXGroup;
			children = (
				F7B67EF919CC035300AE1ED5 /* AppDelegate.h */,
				F7B67EFA19CC035300AE1ED5 /* AppDelegate.m */,
				F7B67EFF19CC035300AE1ED5 /* ViewController.h */,
				F7B67F0019CC035300AE1ED5 /* ViewController.m */,
				F7B67F0219CC035300AE1ED5 /* Main.storyboard */,
				F7B67F0519CC035300AE1ED5 /* Images.xcassets */,
				F7B67F0719CC035300AE1ED5 /* LaunchScreen.xib */,
				F7B67EFC19CC035300AE1ED5 /* DBCoreData.xcdatamodeld */,
				F7B67F1F19CC055500AE1ED5 /* User.h */,
				F7B67F2019CC055500AE1ED5 /* User.m */,
				F7B67EF519CC035300AE1ED5 /* Supporting Files */,
			);
			path = DBCoreData;
			sourceTree = "<group>";
		};
		F7B67EF519CC035300AE1ED5 /* Supporting Files */ = {
			isa = PBXGroup;
			children = (
				F7B67EF619CC035300AE1ED5 /* Info.plist */,
				F7B67EF719CC035300AE1ED5 /* main.m */,
			);
			name = "Supporting Files";
			sourceTree = "<group>";
		};
		F7B67F1119CC035300AE1ED5 /* DBCoreDataTests */ = {
			isa = PBXGroup;
			children = (
				F7B67F1419CC035300AE1ED5 /* DBCoreDataTests.m */,
				F7B67F1219CC035300AE1ED5 /* Supporting Files */,
			);
			path = DBCoreDataTests;
			sourceTree = "<group>";
		};
		F7B67F1219CC035300AE1ED5 /* Supporting Files */ = {
			isa = PBXGroup;
			children = (
				F7B67F1319CC035300AE1ED5 /* Info.plist */,
			);
			name = "Supporting Files";
			sourceTree = "<group>";
		};
/* End PBXGroup section */

/* Begin PBXNativeTarget section */
		F7B67EF119CC035300AE1ED5 /* DBCoreData */ = {
			isa = PBXNativeTarget;
			buildConfigurationList = F7B67F1819CC035300AE1ED5 /* Build configuration list for PBXNativeTarget "DBCoreData" */;
			buildPhases = (
				F7B67EEE19CC035300AE1ED5 /* Sources */,
				F7B67EEF19CC035300AE1ED5 /* Frameworks */,
				F7B67EF019CC035300AE1ED5 /* Resources */,
			);
			buildRules = (
			);
			dependencies = (
			);
			name = DBCoreData;
			productName = DBCoreData;
			productReference = F7B67EF219CC035300AE1ED5 /* DBCoreData.app */;
			productType = "com.apple.product-type.application";
		};
		F7B67F0D19CC035300AE1ED5 /* DBCoreDataTests */ = {
			isa = PBXNativeTarget;
			buildConfigurationList = F7B67F1B19CC035300AE1ED5 /* Build configuration list for PBXNativeTarget "DBCoreDataTests" */;
			buildPhases = (
				F7B67F0A19CC035300AE1ED5 /* Sources */,
				F7B67F0B19CC035300AE1ED5 /* Frameworks */,
				F7B67F0C19CC035300AE1ED5 /* Resources */,
			);
			buildRules = (
			);
			dependencies = (
				F7B67F1019CC035300AE1ED5 /* PBXTargetDependency */,
			);
			name = DBCoreDataTests;
			productName = DBCoreDataTests;
			productReference = F7B67F0E19CC035300AE1ED5 /* DBCoreDataTests.xctest */;
			productType = "com.apple.product-type.bundle.unit-test";
		};
/* End PBXNativeTarget section */

/* Begin PBXProject section */
		F7B67EEA19CC035300AE1ED5 /* Project object */ = {
			isa = PBXProject;
			attributes = {
				LastUpgradeCheck = 0600;
				ORGANIZATIONNAME = IUAIJIA;
				TargetAttributes = {
					F7B67EF119CC035300AE1ED5 = {
						CreatedOnToolsVersion = 6.0.1;
					};
					F7B67F0D19CC035300AE1ED5 = {
						CreatedOnToolsVersion = 6.0.1;
						TestTargetID = F7B67EF119CC035300AE1ED5;
					};
				};
			};
			buildConfigurationList = F7B67EED19CC035300AE1ED5 /* Build configuration list for PBXProject "DBCoreData" */;
			compatibilityVersion = "Xcode 3.2";
			developmentRegion = English;
			hasScannedForEncodings = 0;
			knownRegions = (
				en,
				Base,
			);
			mainGroup = F7B67EE919CC035300AE1ED5;
			productRefGroup = F7B67EF319CC035300AE1ED5 /* Products */;
			projectDirPath = "";
			projectRoot = "";
			targets = (
				F7B67EF119CC035300AE1ED5 /* DBCoreData */,
				F7B67F0D19CC035300AE1ED5 /* DBCoreDataTests */,
			);
		};
/* End PBXProject section */

/* Begin PBXResourcesBuildPhase section */
		F7B67EF019CC035300AE1ED5 /* Resources */ = {
			isa = PBXResourcesBuildPhase;
			buildActionMask = 2147483647;
			files = (
				F7B67F0419CC035300AE1ED5 /* Main.storyboard in Resources */,
				F7B67F0919CC035300AE1ED5 /* LaunchScreen.xib in Resources */,
				F7B67F0619CC035300AE1ED5 /* Images.xcassets in Resources */,
			);
			runOnlyForDeploymentPostprocessing = 0;
		};
		F7B67F0C19CC035300AE1ED5 /* Resources */ = {
			isa = PBXResourcesBuildPhase;
			buildActionMask = 2147483647;
			files = (
			);
			runOnlyForDeploymentPostprocessing = 0;
		};
/* End PBXResourcesBuildPhase section */

/* Begin PBXSourcesBuildPhase section */
		F7B67EEE19CC035300AE1ED5 /* Sources */ = {
			isa = PBXSourcesBuildPhase;
			buildActionMask = 2147483647;
			files = (
				F7B67F2119CC055500AE1ED5 /* User.m in Sources */,
				F7B67EFB19CC035300AE1ED5 /* AppDelegate.m in Sources */,
				F7B67EF819CC035300AE1ED5 /* main.m in Sources */,
				F7B67F0119CC035300AE1ED5 /* ViewController.m in Sources */,
				F7B67EFE19CC035300AE1ED5 /* DBCoreData.xcdatamodeld in Sources */,
			);
			runOnlyForDeploymentPostprocessing = 0;
		};
		F7B67F0A19CC035300AE1ED5 /* Sources */ = {
			isa = PBXSourcesBuildPhase;
			buildActionMask = 2147483647;
			files = (
				F7B67F1519CC035300AE1ED5 /* DBCoreDataTests.m in Sources */,
			);
			runOnlyForDeploymentPostprocessing = 0;
		};
/* End PBXSourcesBuildPhase section */

/* Begin PBXTargetDependency section */
		F7B67F1019CC035300AE1ED5 /* PBXTargetDependency */ = {
			isa = PBXTargetDependency;
			target = F7B67EF119CC035300AE1ED5 /* DBCoreData */;
			targetProxy = F7B67F0F19CC035300AE1ED5 /* PBXContainerItemProxy */;
		};
/* End PBXTargetDependency section */

/* Begin PBXVariantGroup section */
		F7B67F0219CC035300AE1ED5 /* Main.storyboard */ = {
			isa = PBXVariantGroup;
			children = (
				F7B67F0319CC035300AE1ED5 /* Base */,
			);
			name = Main.storyboard;
			sourceTree = "<group>";
		};
		F7B67F0719CC035300AE1ED5 /* LaunchScreen.xib */ = {
			isa = PBXVariantGroup;
			children = (
				F7B67F0819CC035300AE1ED5 /* Base */,
			);
			name = LaunchScreen.xib;
			sourceTree = "<group>";
		};
/* End PBXVariantGroup section */

/* Begin XCBuildConfiguration section */
		F7B67F1619CC035300AE1ED5 /* Debug */ = {
			isa = XCBuildConfiguration;
			buildSettings = {
				ALWAYS_SEARCH_USER_PATHS = NO;
				CLANG_CXX_LANGUAGE_STANDARD = "gnu++0x";
				CLANG_CXX_LIBRARY = "libc++";
				CLANG_ENABLE_MODULES = YES;
				CLANG_ENABLE_OBJC_ARC = YES;
				CLANG_WARN_BOOL_CONVERSION = YES;
				CLANG_WARN_CONSTANT_CONVERSION = YES;
				CLANG_WARN_DIRECT_OBJC_ISA_USAGE = YES_ERROR;
				CLANG_WARN_EMPTY_BODY = YES;
				CLANG_WARN_ENUM_CONVERSION = YES;
				CLANG_WARN_INT_CONVERSION = YES;
				CLANG_WARN_OBJC_ROOT_CLASS = YES_ERROR;
				CLANG_WARN_UNREACHABLE_CODE = YES;
				CLANG_WARN__DUPLICATE_METHOD_MATCH = YES;
				"CODE_SIGN_IDENTITY[sdk=iphoneos*]" = "iPhone Developer";
				COPY_PHASE_STRIP = NO;
				ENABLE_STRICT_OBJC_MSGSEND = YES;
				GCC_C_LANGUAGE_STANDARD = gnu99;
				GCC_DYNAMIC_NO_PIC = NO;
				GCC_OPTIMIZATION_LEVEL = 0;
				GCC_PREPROCESSOR_DEFINITIONS = (
					"DEBUG=1",
					"$(inherited)",
				);
				GCC_SYMBOLS_PRIVATE_EXTERN = NO;
				GCC_WARN_64_TO_32_BIT_CONVERSION = YES;
				GCC_WARN_ABOUT_RETURN_TYPE = YES_ERROR;
				GCC_WARN_UNDECLARED_SELECTOR = YES;
				GCC_WARN_UNINITIALIZED_AUTOS = YES_AGGRESSIVE;
				GCC_WARN_UNUSED_FUNCTION = YES;
				GCC_WARN_UNUSED_VARIABLE = YES;
				IPHONEOS_DEPLOYMENT_TARGET = 8.0;
				MTL_ENABLE_DEBUG_INFO = YES;
				ONLY_ACTIVE_ARCH = YES;
				SDKROOT = iphoneos;
			};
			name = Debug;
		};
		F7B67F1719CC035300AE1ED5 /* Release */ = {
			isa = XCBuildConfiguration;
			buildSettings = {
				ALWAYS_SEARCH_USER_PATHS = NO;
				CLANG_CXX_LANGUAGE_STANDARD = "gnu++0x";
				CLANG_CXX_LIBRARY = "libc++";
				CLANG_ENABLE_MODULES = YES;
				CLANG_ENABLE_OBJC_ARC = YES;
				CLANG_WARN_BOOL_CONVERSION = YES;
				CLANG_WARN_CONSTANT_CONVERSION = YES;
				CLANG_WARN_DIRECT_OBJC_ISA_USAGE = YES_ERROR;
				CLANG_WARN_EMPTY_BODY = YES;
				CLANG_WARN_ENUM_CONVERSION = YES;
				CLANG_WARN_INT_CONVERSION = YES;
				CLANG_WARN_OBJC_ROOT_CLASS = YES_ERROR;
				CLANG_WARN_UNREACHABLE_CODE = YES;
				CLANG_WARN__DUPLICATE_METHOD_MATCH = YES;
				"CODE_SIGN_IDENTITY[sdk=iphoneos*]" = "iPhone Developer";
				COPY_PHASE_STRIP = YES;
				ENABLE_NS_ASSERTIONS = NO;
				ENABLE_STRICT_OBJC_MSGSEND = YES;
				GCC_C_LANGUAGE_STANDARD = gnu99;
				GCC_WARN_64_TO_32_BIT_CONVERSION = YES;
				GCC_WARN_ABOUT_RETURN_TYPE = YES_ERROR;
				GCC_WARN_UNDECLARED_SELECTOR = YES;
				GCC_WARN_UNINITIALIZED_AUTOS = YES_AGGRESSIVE;
				GCC_WARN_UNUSED_FUNCTION = YES;
				GCC_WARN_UNUSED_VARIABLE = YES;
				IPHONEOS_DEPLOYMENT_TARGET = 8.0;
				MTL_ENABLE_DEBUG_INFO = NO;
				SDKROOT = iphoneos;
				VALIDATE_PRODUCT = YES;
			};
			name = Release;
		};
		F7B67F1919CC035300AE1ED5 /* Debug */ = {
			isa = XCBuildConfiguration;
			buildSettings = {
				ASSETCATALOG_COMPILER_APPICON_NAME = AppIcon;
				INFOPLIST_FILE = DBCoreData/Info.plist;
				LD_RUNPATH_SEARCH_PATHS = "$(inherited) @executable_path/Frameworks";
				PRODUCT_NAME = "$(TARGET_NAME)";
			};
			name = Debug;
		};
		F7B67F1A19CC035300AE1ED5 /* Release */ = {
			isa = XCBuildConfiguration;
			buildSettings = {
				ASSETCATALOG_COMPILER_APPICON_NAME = AppIcon;
				INFOPLIST_FILE = DBCoreData/Info.plist;
				LD_RUNPATH_SEARCH_PATHS = "$(inherited) @executable_path/Frameworks";
				PRODUCT_NAME = "$(TARGET_NAME)";
			};
			name = Release;
		};
		F7B67F1C19CC035300AE1ED5 /* Debug */ = {
			isa = XCBuildConfiguration;
			buildSettings = {
				BUNDLE_LOADER = "$(TEST_HOST)";
				FRAMEWORK_SEARCH_PATHS = (
					"$(SDKROOT)/Developer/Library/Frameworks",
					"$(inherited)",
				);
				GCC_PREPROCESSOR_DEFINITIONS = (
					"DEBUG=1",
					"$(inherited)",
				);
				INFOPLIST_FILE = DBCoreDataTests/Info.plist;
				LD_RUNPATH_SEARCH_PATHS = "$(inherited) @executable_path/Frameworks @loader_path/Frameworks";
				PRODUCT_NAME = "$(TARGET_NAME)";
				TEST_HOST = "$(BUILT_PRODUCTS_DIR)/DBCoreData.app/DBCoreData";
			};
			name = Debug;
		};
		F7B67F1D19CC035300AE1ED5 /* Release */ = {
			isa = XCBuildConfiguration;
			buildSettings = {
				BUNDLE_LOADER = "$(TEST_HOST)";
				FRAMEWORK_SEARCH_PATHS = (
					"$(SDKROOT)/Developer/Library/Frameworks",
					"$(inherited)",
				);
				INFOPLIST_FILE = DBCoreDataTests/Info.plist;
				LD_RUNPATH_SEARCH_PATHS = "$(inherited) @executable_path/Frameworks @loader_path/Frameworks";
				PRODUCT_NAME = "$(TARGET_NAME)";
				TEST_HOST = "$(BUILT_PRODUCTS_DIR)/DBCoreData.app/DBCoreData";
			};
			name = Release;
		};
/* End XCBuildConfiguration section */

/* Begin XCConfigurationList section */
		F7B67EED19CC035300AE1ED5 /* Build configuration list for PBXProject "DBCoreData" */ = {
			isa = XCConfigurationList;
			buildConfigurations = (
				F7B67F1619CC035300AE1ED5 /* Debug */,
				F7B67F1719CC035300AE1ED5 /* Release */,
			);
			defaultConfigurationIsVisible = 0;
			defaultConfigurationName = Release;
		};
		F7B67F1819CC035300AE1ED5 /* Build configuration list for PBXNativeTarget "DBCoreData" */ = {
			isa = XCConfigurationList;
			buildConfigurations = (
				F7B67F1919CC035300AE1ED5 /* Debug */,
				F7B67F1A19CC035300AE1ED5 /* Release */,
			);
			defaultConfigurationIsVisible = 0;
		};
		F7B67F1B19CC035300AE1ED5 /* Build configuration list for PBXNativeTarget "DBCoreDataTests" */ = {
			isa = XCConfigurationList;
			buildConfigurations = (
				F7B67F1C19CC035300AE1ED5 /* Debug */,
				F7B67F1D19CC035300AE1ED5 /* Release */,
			);
			defaultConfigurationIsVisible = 0;
		};
/* End XCConfigurationList section */

/* Begin XCVersionGroup section */
		F7B67EFC19CC035300AE1ED5 /* DBCoreData.xcdatamodeld */ = {
			isa = XCVersionGroup;
			children = (
				F7B67F1E19CC051A00AE1ED5 /* DBCoreData 2.xcdatamodel */,
				F7B67EFD19CC035300AE1ED5 /* DBCoreData.xcdatamodel */,
			);
			currentVersion = F7B67EFD19CC035300AE1ED5 /* DBCoreData.xcdatamodel */;
			path = DBCoreData.xcdatamodeld;
			sourceTree = "<group>";
			versionGroupType = wrapper.xcdatamodel;
		};
/* End XCVersionGroup section */
	};
	rootObject = F7B67EEA19CC035300AE1ED5 /* Project object */;
}
